
Microsoft Visual Studio Solution File, Format Version 12.00
# Visual Studio Version 16
VisualStudioVersion = 16.0.30225.117
MinimumVisualStudioVersion = 10.0.40219.1
Project("{FAE04EC0-301F-11D3-BF4B-00C04F79EFBC}") = "operadores matemáticos", "operadores matemáticos\operadores matemáticos.csproj", "{216CE64E-6DB9-4A90-9A53-225220328872}"
EndProject
Global
	GlobalSection(SolutionConfigurationPlatforms) = preSolution
		Debug|Any CPU = Debug|Any CPU
		Release|Any CPU = Release|Any CPU
	EndGlobalSection
	GlobalSection(ProjectConfigurationPlatforms) = postSolution
		{216CE64E-6DB9-4A90-9A53-225220328872}.Debug|Any CPU.ActiveCfg = Debug|Any CPU
		{216CE64E-6DB9-4A90-9A53-225220328872}.Debug|Any CPU.Build.0 = Debug|Any CPU
		{216CE64E-6DB9-4A90-9A53-225220328872}.Release|Any CPU.ActiveCfg = Release|Any CPU
		{216CE64E-6DB9-4A90-9A53-225220328872}.Release|Any CPU.Build.0 = Release|Any CPU
	EndGlobalSection
	GlobalSection(SolutionProperties) = preSolution
		HideSolutionNode = FALSE
	EndGlobalSection
	GlobalSection(ExtensibilityGlobals) = postSolution
		SolutionGuid = {97B14E59-AC85-49A2-AD61-84100FF21F72}
	EndGlobalSection
EndGlobal
